{
  "version": 4,
  "terraform_version": "1.7.3",
  "serial": 51,
  "lineage": "cc92cdcc-e796-ed62-b222-d154824dd510",
  "outputs": {
    "playbook_stderr": {
      "value": "exit status 4",
      "type": "string"
    },
    "playbook_stdout": {
      "value": "\nPLAY [Update Image] ************************************************************\n\nTASK [Gathering Facts] *********************************************************\nfatal: [192.168.10.41]: UNREACHABLE! =\u003e {\"changed\": false, \"msg\": \"Invalid/incorrect password: Permission denied, please try again.\", \"unreachable\": true}\n\nPLAY RECAP *********************************************************************\n192.168.10.41              : ok=0    changed=0    unreachable=1    failed=0    skipped=0    rescued=0    ignored=0   \n\n",
      "type": "string"
    }
  },
  "resources": [
    {
      "mode": "data",
      "type": "vsphere_datacenter",
      "name": "dc",
      "provider": "provider[\"registry.terraform.io/hashicorp/vsphere\"]",
      "instances": [
        {
          "schema_version": 0,
          "attributes": {
            "id": "ha-datacenter",
            "name": "HomeLab"
          },
          "sensitive_attributes": []
        }
      ]
    },
    {
      "mode": "data",
      "type": "vsphere_datastore",
      "name": "datastore",
      "provider": "provider[\"registry.terraform.io/hashicorp/vsphere\"]",
      "instances": [
        {
          "schema_version": 0,
          "attributes": {
            "datacenter_id": "ha-datacenter",
            "id": "6415d9f2-892c963e-5831-448a5b265037",
            "name": "SSD"
          },
          "sensitive_attributes": []
        }
      ]
    },
    {
      "mode": "data",
      "type": "vsphere_host",
      "name": "host",
      "provider": "provider[\"registry.terraform.io/hashicorp/vsphere\"]",
      "instances": [
        {
          "schema_version": 0,
          "attributes": {
            "datacenter_id": "ha-datacenter",
            "id": "ha-host",
            "name": "192.168.10.27",
            "resource_pool_id": "ha-root-pool"
          },
          "sensitive_attributes": []
        }
      ]
    },
    {
      "mode": "data",
      "type": "vsphere_network",
      "name": "network",
      "provider": "provider[\"registry.terraform.io/hashicorp/vsphere\"]",
      "instances": [
        {
          "schema_version": 0,
          "attributes": {
            "datacenter_id": "ha-datacenter",
            "distributed_virtual_switch_uuid": null,
            "id": "HaNetwork-VM Network",
            "name": "VM Network",
            "type": "Network"
          },
          "sensitive_attributes": []
        }
      ]
    },
    {
      "mode": "data",
      "type": "vsphere_resource_pool",
      "name": "pool",
      "provider": "provider[\"registry.terraform.io/hashicorp/vsphere\"]",
      "instances": [
        {
          "schema_version": 0,
          "attributes": {
            "datacenter_id": "ha-datacenter",
            "id": "ha-root-pool",
            "name": "Gitlab_pool"
          },
          "sensitive_attributes": []
        }
      ]
    },
    {
      "module": "module.deploy_vm",
      "mode": "data",
      "type": "vsphere_content_library",
      "name": "Packer_library",
      "provider": "module.deploy_vm.provider[\"registry.terraform.io/hashicorp/vsphere\"]",
      "instances": [
        {
          "schema_version": 0,
          "attributes": {
            "id": "e5ec8c0f-83ed-4573-b38f-082361bac802",
            "name": "Packer Library"
          },
          "sensitive_attributes": []
        }
      ]
    },
    {
      "module": "module.deploy_vm",
      "mode": "data",
      "type": "vsphere_content_library_item",
      "name": "template",
      "provider": "module.deploy_vm.provider[\"registry.terraform.io/hashicorp/vsphere\"]",
      "instances": [
        {
          "schema_version": 0,
          "attributes": {
            "id": "f564e048-ebef-41e7-9234-72eb55364d83",
            "library_id": "e5ec8c0f-83ed-4573-b38f-082361bac802",
            "name": "Packer-Gitlab-16.8-Debian-11.7",
            "type": "ovf"
          },
          "sensitive_attributes": []
        }
      ]
    },
    {
      "module": "module.deploy_vm",
      "mode": "data",
      "type": "vsphere_datacenter",
      "name": "dc",
      "provider": "module.deploy_vm.provider[\"registry.terraform.io/hashicorp/vsphere\"]",
      "instances": [
        {
          "schema_version": 0,
          "attributes": {
            "id": "datacenter-3",
            "name": "HomeLab"
          },
          "sensitive_attributes": []
        }
      ]
    },
    {
      "module": "module.deploy_vm",
      "mode": "data",
      "type": "vsphere_datastore",
      "name": "datastore",
      "provider": "module.deploy_vm.provider[\"registry.terraform.io/hashicorp/vsphere\"]",
      "instances": [
        {
          "schema_version": 0,
          "attributes": {
            "datacenter_id": "datacenter-3",
            "id": "datastore-13",
            "name": "SSD"
          },
          "sensitive_attributes": []
        }
      ]
    },
    {
      "module": "module.deploy_vm",
      "mode": "data",
      "type": "vsphere_host",
      "name": "host",
      "provider": "module.deploy_vm.provider[\"registry.terraform.io/hashicorp/vsphere\"]",
      "instances": [
        {
          "schema_version": 0,
          "attributes": {
            "datacenter_id": "datacenter-3",
            "id": "host-10",
            "name": "192.168.10.27",
            "resource_pool_id": "resgroup-9"
          },
          "sensitive_attributes": []
        }
      ]
    },
    {
      "module": "module.deploy_vm",
      "mode": "data",
      "type": "vsphere_network",
      "name": "network",
      "provider": "module.deploy_vm.provider[\"registry.terraform.io/hashicorp/vsphere\"]",
      "instances": [
        {
          "schema_version": 0,
          "attributes": {
            "datacenter_id": "datacenter-3",
            "distributed_virtual_switch_uuid": null,
            "id": "network-14",
            "name": "VM Network",
            "type": "Network"
          },
          "sensitive_attributes": []
        }
      ]
    },
    {
      "module": "module.deploy_vm",
      "mode": "data",
      "type": "vsphere_ovf_vm_template",
      "name": "ovfLocal",
      "provider": "module.deploy_vm.provider[\"registry.terraform.io/hashicorp/vsphere\"]",
      "instances": [
        {
          "schema_version": 0,
          "attributes": {
            "allow_unverified_ssl_cert": true,
            "alternate_guest_name": "",
            "annotation": "",
            "cpu_hot_add_enabled": false,
            "cpu_hot_remove_enabled": false,
            "cpu_performance_counters_enabled": null,
            "datastore_id": "datastore-13",
            "deployment_option": null,
            "disk_provisioning": "eagerZeroedThick",
            "enable_hidden_properties": false,
            "firmware": "bios",
            "folder": null,
            "guest_id": "debian11_64Guest",
            "host_system_id": "host-10",
            "id": "Gitlab-16.8-srv",
            "ide_controller_count": 1,
            "ip_allocation_policy": null,
            "ip_protocol": null,
            "local_ovf_path": null,
            "memory": 2048,
            "memory_hot_add_enabled": false,
            "name": "Gitlab-16.8-srv",
            "nested_hv_enabled": false,
            "num_cores_per_socket": 2,
            "num_cpus": 2,
            "ovf_network_map": {
              "VM Network": "network-14"
            },
            "remote_ovf_url": "https://Admin:bak2nzb7ntn8dhv_MCH@192.168.10.27/folder/contentlib-e5ec8c0f-83ed-4573-b38f-082361bac802%2ff564e048-ebef-41e7-9234-72eb55364d83/Packer-Gitlab-16.8-Debian-11.7_7190179d-6023-4940-8c23-99fcb1f67265.ovf?dcPath=ha-datacenter\u0026dsName=Esxi",
            "resource_pool_id": "resgroup-3013",
            "sata_controller_count": 0,
            "scsi_controller_count": 1,
            "scsi_type": "lsilogic-sas",
            "swap_placement_policy": ""
          },
          "sensitive_attributes": [
            [
              {
                "type": "get_attr",
                "value": "remote_ovf_url"
              }
            ]
          ]
        }
      ]
    },
    {
      "module": "module.deploy_vm",
      "mode": "data",
      "type": "vsphere_resource_pool",
      "name": "pool",
      "provider": "module.deploy_vm.provider[\"registry.terraform.io/hashicorp/vsphere\"]",
      "instances": [
        {
          "schema_version": 0,
          "attributes": {
            "datacenter_id": "datacenter-3",
            "id": "resgroup-3013",
            "name": "Gitlab_pool"
          },
          "sensitive_attributes": []
        }
      ]
    },
    {
      "module": "module.deploy_vm",
      "mode": "managed",
      "type": "ansible_playbook",
      "name": "playbook",
      "provider": "provider[\"registry.terraform.io/ansible/ansible\"]",
      "instances": [
        {
          "schema_version": 0,
          "attributes": {
            "ansible_playbook_binary": "ansible-playbook",
            "ansible_playbook_stderr": "exit status 4",
            "ansible_playbook_stdout": "\nPLAY [Update Image] ************************************************************\n\nTASK [Gathering Facts] *********************************************************\nfatal: [192.168.10.41]: UNREACHABLE! =\u003e {\"changed\": false, \"msg\": \"Invalid/incorrect password: Permission denied, please try again.\", \"unreachable\": true}\n\nPLAY RECAP *********************************************************************\n192.168.10.41              : ok=0    changed=0    unreachable=1    failed=0    skipped=0    rescued=0    ignored=0   \n\n",
            "args": [
              "-e",
              "hostname=192.168.10.41",
              "-e",
              "ansible_password=sdfghjkl",
              "-e",
              "ssh_user=gitadmin",
              "-e",
              "SERVICE=Gitlab",
              "-e",
              "VERSION=16.8.1-ce.0",
              "-e",
              "ansible_check_mode=true",
              "-e",
              "ansible_sudo_pass=sdfghjkl",
              "./../Ansible/main.yml"
            ],
            "check_mode": false,
            "diff_mode": false,
            "extra_vars": {
              "SERVICE": "Gitlab",
              "VERSION": "16.8.1-ce.0",
              "ansible_check_mode": "true",
              "ansible_password": "sdfghjkl",
              "ansible_sudo_pass": "sdfghjkl",
              "ssh_user": "gitadmin"
            },
            "force_handlers": false,
            "groups": null,
            "id": "2024-02-10 17:37:04.542714771 +0100 CET m=+11.553843795",
            "ignore_playbook_failure": true,
            "limit": null,
            "name": "192.168.10.41",
            "playbook": "./../Ansible/main.yml",
            "replayable": false,
            "tags": null,
            "temp_inventory_file": "",
            "timeouts": null,
            "var_files": null,
            "vault_files": null,
            "vault_id": null,
            "vault_password_file": null,
            "verbosity": 0
          },
          "sensitive_attributes": [
            [
              {
                "type": "get_attr",
                "value": "extra_vars"
              },
              {
                "type": "index",
                "value": {
                  "value": "ansible_password",
                  "type": "string"
                }
              }
            ],
            [
              {
                "type": "get_attr",
                "value": "extra_vars"
              },
              {
                "type": "index",
                "value": {
                  "value": "ansible_sudo_pass",
                  "type": "string"
                }
              }
            ]
          ],
          "dependencies": [
            "module.deploy_vm.data.vsphere_content_library.Packer_library",
            "module.deploy_vm.data.vsphere_content_library_item.template",
            "module.deploy_vm.data.vsphere_datacenter.dc",
            "module.deploy_vm.data.vsphere_datastore.datastore",
            "module.deploy_vm.data.vsphere_host.host",
            "module.deploy_vm.data.vsphere_network.network",
            "module.deploy_vm.data.vsphere_ovf_vm_template.ovfLocal",
            "module.deploy_vm.data.vsphere_resource_pool.pool",
            "module.deploy_vm.vsphere_virtual_disk.virtual_disk",
            "module.deploy_vm.vsphere_virtual_machine.vm"
          ]
        }
      ]
    },
    {
      "module": "module.deploy_vm",
      "mode": "managed",
      "type": "vsphere_folder",
      "name": "folder",
      "provider": "module.deploy_vm.provider[\"registry.terraform.io/hashicorp/vsphere\"]",
      "instances": [
        {
          "schema_version": 1,
          "attributes": {
            "custom_attributes": {},
            "datacenter_id": "datacenter-3",
            "id": "group-v3043",
            "path": "VM/VM",
            "tags": [],
            "type": "vm"
          },
          "sensitive_attributes": [],
          "private": "eyJzY2hlbWFfdmVyc2lvbiI6IjEifQ==",
          "dependencies": [
            "module.deploy_vm.data.vsphere_datacenter.dc"
          ]
        }
      ]
    },
    {
      "module": "module.deploy_vm",
      "mode": "managed",
      "type": "vsphere_virtual_disk",
      "name": "virtual_disk",
      "provider": "module.deploy_vm.provider[\"registry.terraform.io/hashicorp/vsphere\"]",
      "instances": [
        {
          "schema_version": 0,
          "attributes": {
            "adapter_type": "lsiLogic",
            "create_directories": true,
            "datacenter": "HomeLab",
            "datastore": "SSD",
            "id": "/VM/Gitlab/Gitlab-16.8-srv-Debian-disk0.vmdk",
            "size": 50,
            "type": "eagerZeroedThick",
            "vmdk_path": "/VM/Gitlab/Gitlab-16.8-srv-Debian-disk0.vmdk"
          },
          "sensitive_attributes": [],
          "private": "bnVsbA==",
          "dependencies": [
            "module.deploy_vm.data.vsphere_datacenter.dc",
            "module.deploy_vm.data.vsphere_datastore.datastore"
          ]
        }
      ]
    },
    {
      "module": "module.deploy_vm",
      "mode": "managed",
      "type": "vsphere_virtual_machine",
      "name": "vm",
      "provider": "module.deploy_vm.provider[\"registry.terraform.io/hashicorp/vsphere\"]",
      "instances": [
        {
          "schema_version": 3,
          "attributes": {
            "alternate_guest_name": "",
            "annotation": "",
            "boot_delay": 0,
            "boot_retry_delay": 10000,
            "boot_retry_enabled": false,
            "cdrom": [],
            "change_version": "2024-02-11T10:14:52.065889Z",
            "clone": [
              {
                "customization_spec": [],
                "customize": [],
                "linked_clone": false,
                "ovf_network_map": {},
                "ovf_storage_map": {},
                "template_uuid": "f564e048-ebef-41e7-9234-72eb55364d83",
                "timeout": 30
              }
            ],
            "cpu_hot_add_enabled": false,
            "cpu_hot_remove_enabled": false,
            "cpu_limit": -1,
            "cpu_performance_counters_enabled": false,
            "cpu_reservation": 0,
            "cpu_share_count": 4000,
            "cpu_share_level": "normal",
            "custom_attributes": {},
            "datacenter_id": "datacenter-3",
            "datastore_cluster_id": null,
            "datastore_id": "datastore-13",
            "default_ip_address": "192.168.10.41",
            "disk": [
              {
                "attach": true,
                "controller_type": "scsi",
                "datastore_id": "datastore-13",
                "device_address": "scsi:0:0",
                "disk_mode": "persistent",
                "disk_sharing": "sharingNone",
                "eagerly_scrub": true,
                "io_limit": -1,
                "io_reservation": 0,
                "io_share_count": 1000,
                "io_share_level": "normal",
                "keep_on_remove": false,
                "key": 2000,
                "label": "Gitlab-16.8-srv-disk0",
                "path": "/VM//Gitlab-16.8-srv-disk0.vmdk",
                "size": 50,
                "storage_policy_id": "",
                "thin_provisioned": false,
                "unit_number": 0,
                "uuid": "6000C29e-e0f2-2f6d-950b-913ed3a88f1a",
                "write_through": false
              }
            ],
            "efi_secure_boot_enabled": false,
            "enable_disk_uuid": false,
            "enable_logging": false,
            "ept_rvi_mode": "automatic",
            "extra_config": {},
            "extra_config_reboot_required": true,
            "firmware": "bios",
            "folder": "",
            "force_power_off": true,
            "guest_id": "debian11_64Guest",
            "guest_ip_addresses": [
              "192.168.10.41",
              "fe80::250:56ff:fe9d:b4c"
            ],
            "hardware_version": 19,
            "host_system_id": "host-10",
            "hv_mode": "hvAuto",
            "id": "421d19aa-cd9f-6bef-9d52-882c87cc261d",
            "ide_controller_count": 2,
            "ignored_guest_ips": null,
            "imported": null,
            "latency_sensitivity": "normal",
            "memory": 4024,
            "memory_hot_add_enabled": false,
            "memory_limit": -1,
            "memory_reservation": 0,
            "memory_share_count": 40240,
            "memory_share_level": "normal",
            "migrate_wait_timeout": 30,
            "moid": "vm-3046",
            "name": "Gitlab-16.8-srv",
            "nested_hv_enabled": false,
            "network_interface": [
              {
                "adapter_type": "vmxnet3",
                "bandwidth_limit": -1,
                "bandwidth_reservation": 0,
                "bandwidth_share_count": 50,
                "bandwidth_share_level": "normal",
                "device_address": "pci:0:7",
                "key": 4000,
                "mac_address": "00:50:56:9d:0b:4c",
                "network_id": "network-14",
                "ovf_mapping": "",
                "physical_function": "",
                "use_static_mac": false
              }
            ],
            "num_cores_per_socket": 1,
            "num_cpus": 4,
            "ovf_deploy": [
              {
                "allow_unverified_ssl_cert": true,
                "deployment_option": "",
                "disk_provisioning": "eagerZeroedThick",
                "enable_hidden_properties": false,
                "ip_allocation_policy": "",
                "ip_protocol": "",
                "local_ovf_path": "",
                "ovf_network_map": {
                  "VM Network": "network-14"
                },
                "remote_ovf_url": "e5ec8c0f-83ed-4573-b38f-082361bac802"
              }
            ],
            "pci_device_id": [],
            "power_state": "on",
            "poweron_timeout": 300,
            "reboot_required": false,
            "replace_trigger": null,
            "resource_pool_id": "resgroup-3013",
            "run_tools_scripts_after_power_on": true,
            "run_tools_scripts_after_resume": true,
            "run_tools_scripts_before_guest_reboot": false,
            "run_tools_scripts_before_guest_shutdown": true,
            "run_tools_scripts_before_guest_standby": true,
            "sata_controller_count": 0,
            "scsi_bus_sharing": "virtualSharing",
            "scsi_controller_count": 1,
            "scsi_type": "lsilogic-sas",
            "shutdown_wait_timeout": 3,
            "storage_policy_id": "",
            "swap_placement_policy": "inherit",
            "sync_time_with_host": false,
            "sync_time_with_host_periodically": false,
            "tags": [],
            "tools_upgrade_policy": "manual",
            "uuid": "421d19aa-cd9f-6bef-9d52-882c87cc261d",
            "vapp": [],
            "vapp_transport": [],
            "vbs_enabled": false,
            "vmware_tools_status": "guestToolsRunning",
            "vmx_path": "Gitlab-16.8-srv_2/Gitlab-16.8-srv.vmx",
            "vvtd_enabled": false,
            "wait_for_guest_ip_timeout": 0,
            "wait_for_guest_net_routable": true,
            "wait_for_guest_net_timeout": 5
          },
          "sensitive_attributes": [],
          "private": "eyJzY2hlbWFfdmVyc2lvbiI6IjMifQ==",
          "dependencies": [
            "module.deploy_vm.data.vsphere_content_library.Packer_library",
            "module.deploy_vm.data.vsphere_content_library_item.template",
            "module.deploy_vm.data.vsphere_datacenter.dc",
            "module.deploy_vm.data.vsphere_datastore.datastore",
            "module.deploy_vm.data.vsphere_host.host",
            "module.deploy_vm.data.vsphere_network.network",
            "module.deploy_vm.data.vsphere_ovf_vm_template.ovfLocal",
            "module.deploy_vm.data.vsphere_resource_pool.pool",
            "module.deploy_vm.vsphere_virtual_disk.virtual_disk"
          ]
        }
      ]
    }
  ],
  "check_results": null
}
